
Microsoft Visual Studio Solution File, Format Version 12.00
# Visual Studio Version 17
VisualStudioVersion = 17.9.34616.47
MinimumVisualStudioVersion = 10.0.40219.1
Project("{FAE04EC0-301F-11D3-BF4B-00C04F79EFBC}") = "Validation_BlazorServer", "Validation_BlazorServer.csproj", "{2EC71C49-DC9A-4DB7-8EC0-83FE5153E592}"
EndProject
Global
	GlobalSection(SolutionConfigurationPlatforms) = preSolution
		Debug|Any CPU = Debug|Any CPU
		Release|Any CPU = Release|Any CPU
	EndGlobalSection
	GlobalSection(ProjectConfigurationPlatforms) = postSolution
		{2EC71C49-DC9A-4DB7-8EC0-83FE5153E592}.Debug|Any CPU.ActiveCfg = Debug|Any CPU
		{2EC71C49-DC9A-4DB7-8EC0-83FE5153E592}.Debug|Any CPU.Build.0 = Debug|Any CPU
		{2EC71C49-DC9A-4DB7-8EC0-83FE5153E592}.Release|Any CPU.ActiveCfg = Release|Any CPU
		{2EC71C49-DC9A-4DB7-8EC0-83FE5153E592}.Release|Any CPU.Build.0 = Release|Any CPU
	EndGlobalSection
	GlobalSection(SolutionProperties) = preSolution
		HideSolutionNode = FALSE
	EndGlobalSection
	GlobalSection(ExtensibilityGlobals) = postSolution
		SolutionGuid = {4B038BFF-4931-4C93-987D-BF77A6224BE1}
	EndGlobalSection
EndGlobal
